// !$*UTF8*$!
{
	archiveVersion = 1;
	classes = {
	};
	objectVersion = 51;
	objects = {

/* Begin PBXBuildFile section */
		31578286230008E0004DE8C7 /* solarized-light.json in Resources */ = {isa = PBXBuildFile; fileRef = 3157827C230008E0004DE8C7 /* solarized-light.json */; };
		31578287230008E0004DE8C7 /* one-light.json in Resources */ = {isa = PBXBuildFile; fileRef = 3157827D230008E0004DE8C7 /* one-light.json */; };
		31578288230008E0004DE8C7 /* one-light-custom.json in Resources */ = {isa = PBXBuildFile; fileRef = 3157827E230008E0004DE8C7 /* one-light-custom.json */; };
		31578289230008E0004DE8C7 /* base16-tomorrow-dark.json in Resources */ = {isa = PBXBuildFile; fileRef = 3157827F230008E0004DE8C7 /* base16-tomorrow-dark.json */; };
		3157828A230008E0004DE8C7 /* base16-tomorrow-light.json in Resources */ = {isa = PBXBuildFile; fileRef = 31578280230008E0004DE8C7 /* base16-tomorrow-light.json */; };
		3157828B230008E0004DE8C7 /* system-minimal.json in Resources */ = {isa = PBXBuildFile; fileRef = 31578281230008E0004DE8C7 /* system-minimal.json */; };
		3157828C230008E0004DE8C7 /* blues-clues.json in Resources */ = {isa = PBXBuildFile; fileRef = 31578282230008E0004DE8C7 /* blues-clues.json */; };
		3157828D230008E0004DE8C7 /* solarized-dark.json in Resources */ = {isa = PBXBuildFile; fileRef = 31578283230008E0004DE8C7 /* solarized-dark.json */; };
		3157828E230008E0004DE8C7 /* one-dark-custom.json in Resources */ = {isa = PBXBuildFile; fileRef = 31578284230008E0004DE8C7 /* one-dark-custom.json */; };
		3157828F230008E0004DE8C7 /* one-dark.json in Resources */ = {isa = PBXBuildFile; fileRef = 31578285230008E0004DE8C7 /* one-dark.json */; };
		31F2937622FB204900D21064 /* AppDelegate.swift in Sources */ = {isa = PBXBuildFile; fileRef = 31F2937522FB204900D21064 /* AppDelegate.swift */; };
		31F2937822FB204900D21064 /* ViewController.swift in Sources */ = {isa = PBXBuildFile; fileRef = 31F2937722FB204900D21064 /* ViewController.swift */; };
		31F2937B22FB204900D21064 /* Main.storyboard in Resources */ = {isa = PBXBuildFile; fileRef = 31F2937922FB204900D21064 /* Main.storyboard */; };
		31F2937D22FB204A00D21064 /* Assets.xcassets in Resources */ = {isa = PBXBuildFile; fileRef = 31F2937C22FB204A00D21064 /* Assets.xcassets */; };
		31F2938022FB204A00D21064 /* LaunchScreen.storyboard in Resources */ = {isa = PBXBuildFile; fileRef = 31F2937E22FB204A00D21064 /* LaunchScreen.storyboard */; };
		31F2938B22FB204A00D21064 /* Scale_EditorTests.swift in Sources */ = {isa = PBXBuildFile; fileRef = 31F2938A22FB204A00D21064 /* Scale_EditorTests.swift */; };
		31F2939622FB204A00D21064 /* Scale_EditorUITests.swift in Sources */ = {isa = PBXBuildFile; fileRef = 31F2939522FB204A00D21064 /* Scale_EditorUITests.swift */; };
		31F293A622FB6D5300D21064 /* TabController.swift in Sources */ = {isa = PBXBuildFile; fileRef = 31F293A522FB6D5300D21064 /* TabController.swift */; };
		31F293A822FB6E8900D21064 /* MarkdownViewController.swift in Sources */ = {isa = PBXBuildFile; fileRef = 31F293A722FB6E8900D21064 /* MarkdownViewController.swift */; };
		31F2941F22FDCF5900D21064 /* DocumentViewController.swift in Sources */ = {isa = PBXBuildFile; fileRef = 31F2941E22FDCF5900D21064 /* DocumentViewController.swift */; };
		31F2942222FDCFD600D21064 /* Scale.swift in Sources */ = {isa = PBXBuildFile; fileRef = 31F2942122FDCFD600D21064 /* Scale.swift */; };
		34055FB8F1D2A39A7F22D2C9 /* ScaleRoot.swift in Sources */ = {isa = PBXBuildFile; fileRef = 34055B7AB7356541F5346ADE /* ScaleRoot.swift */; };
		372B9E86B86CAFB8A940D72D /* Pods_Scale_EditorTests.framework in Frameworks */ = {isa = PBXBuildFile; fileRef = D8E284516D5C8B5664CC8796 /* Pods_Scale_EditorTests.framework */; };
		57E777058EB05D0C9AC31A6B /* Pods_Scale_EditorUITests.framework in Frameworks */ = {isa = PBXBuildFile; fileRef = C1877D7591B077E85AE02A0A /* Pods_Scale_EditorUITests.framework */; };
		DD1CD94DA2B80B74BD6E3433 /* Pods_Scale_Editor.framework in Frameworks */ = {isa = PBXBuildFile; fileRef = 50B60FAA284317C11618EAEE /* Pods_Scale_Editor.framework */; };
/* End PBXBuildFile section */

/* Begin PBXContainerItemProxy section */
		31F2938722FB204A00D21064 /* PBXContainerItemProxy */ = {
			isa = PBXContainerItemProxy;
			containerPortal = 31F2936A22FB204900D21064 /* Project object */;
			proxyType = 1;
			remoteGlobalIDString = 31F2937122FB204900D21064;
			remoteInfo = "Scale Editor";
		};
		31F2939222FB204A00D21064 /* PBXContainerItemProxy */ = {
			isa = PBXContainerItemProxy;
			containerPortal = 31F2936A22FB204900D21064 /* Project object */;
			proxyType = 1;
			remoteGlobalIDString = 31F2937122FB204900D21064;
			remoteInfo = "Scale Editor";
		};
/* End PBXContainerItemProxy section */

/* Begin PBXFileReference section */
		3157827C230008E0004DE8C7 /* solarized-light.json */ = {isa = PBXFileReference; fileEncoding = 4; lastKnownFileType = text.json; path = "solarized-light.json"; sourceTree = "<group>"; };
		3157827D230008E0004DE8C7 /* one-light.json */ = {isa = PBXFileReference; fileEncoding = 4; lastKnownFileType = text.json; path = "one-light.json"; sourceTree = "<group>"; };
		3157827E230008E0004DE8C7 /* one-light-custom.json */ = {isa = PBXFileReference; fileEncoding = 4; lastKnownFileType = text.json; path = "one-light-custom.json"; sourceTree = "<group>"; };
		3157827F230008E0004DE8C7 /* base16-tomorrow-dark.json */ = {isa = PBXFileReference; fileEncoding = 4; lastKnownFileType = text.json; path = "base16-tomorrow-dark.json"; sourceTree = "<group>"; };
		31578280230008E0004DE8C7 /* base16-tomorrow-light.json */ = {isa = PBXFileReference; fileEncoding = 4; lastKnownFileType = text.json; path = "base16-tomorrow-light.json"; sourceTree = "<group>"; };
		31578281230008E0004DE8C7 /* system-minimal.json */ = {isa = PBXFileReference; fileEncoding = 4; lastKnownFileType = text.json; path = "system-minimal.json"; sourceTree = "<group>"; };
		31578282230008E0004DE8C7 /* blues-clues.json */ = {isa = PBXFileReference; fileEncoding = 4; lastKnownFileType = text.json; path = "blues-clues.json"; sourceTree = "<group>"; };
		31578283230008E0004DE8C7 /* solarized-dark.json */ = {isa = PBXFileReference; fileEncoding = 4; lastKnownFileType = text.json; path = "solarized-dark.json"; sourceTree = "<group>"; };
		31578284230008E0004DE8C7 /* one-dark-custom.json */ = {isa = PBXFileReference; fileEncoding = 4; lastKnownFileType = text.json; path = "one-dark-custom.json"; sourceTree = "<group>"; };
		31578285230008E0004DE8C7 /* one-dark.json */ = {isa = PBXFileReference; fileEncoding = 4; lastKnownFileType = text.json; path = "one-dark.json"; sourceTree = "<group>"; };
		31F2937222FB204900D21064 /* Scale Editor.app */ = {isa = PBXFileReference; explicitFileType = wrapper.application; includeInIndex = 0; path = "Scale Editor.app"; sourceTree = BUILT_PRODUCTS_DIR; };
		31F2937522FB204900D21064 /* AppDelegate.swift */ = {isa = PBXFileReference; lastKnownFileType = sourcecode.swift; path = AppDelegate.swift; sourceTree = "<group>"; };
		31F2937722FB204900D21064 /* ViewController.swift */ = {isa = PBXFileReference; lastKnownFileType = sourcecode.swift; path = ViewController.swift; sourceTree = "<group>"; };
		31F2937A22FB204900D21064 /* Base */ = {isa = PBXFileReference; lastKnownFileType = file.storyboard; name = Base; path = Base.lproj/Main.storyboard; sourceTree = "<group>"; };
		31F2937C22FB204A00D21064 /* Assets.xcassets */ = {isa = PBXFileReference; lastKnownFileType = folder.assetcatalog; path = Assets.xcassets; sourceTree = "<group>"; };
		31F2937F22FB204A00D21064 /* Base */ = {isa = PBXFileReference; lastKnownFileType = file.storyboard; name = Base; path = Base.lproj/LaunchScreen.storyboard; sourceTree = "<group>"; };
		31F2938122FB204A00D21064 /* Info.plist */ = {isa = PBXFileReference; lastKnownFileType = text.plist.xml; path = Info.plist; sourceTree = "<group>"; };
		31F2938622FB204A00D21064 /* Scale EditorTests.xctest */ = {isa = PBXFileReference; explicitFileType = wrapper.cfbundle; includeInIndex = 0; path = "Scale EditorTests.xctest"; sourceTree = BUILT_PRODUCTS_DIR; };
		31F2938A22FB204A00D21064 /* Scale_EditorTests.swift */ = {isa = PBXFileReference; lastKnownFileType = sourcecode.swift; path = Scale_EditorTests.swift; sourceTree = "<group>"; };
		31F2938C22FB204A00D21064 /* Info.plist */ = {isa = PBXFileReference; lastKnownFileType = text.plist.xml; path = Info.plist; sourceTree = "<group>"; };
		31F2939122FB204A00D21064 /* Scale EditorUITests.xctest */ = {isa = PBXFileReference; explicitFileType = wrapper.cfbundle; includeInIndex = 0; path = "Scale EditorUITests.xctest"; sourceTree = BUILT_PRODUCTS_DIR; };
		31F2939522FB204A00D21064 /* Scale_EditorUITests.swift */ = {isa = PBXFileReference; lastKnownFileType = sourcecode.swift; path = Scale_EditorUITests.swift; sourceTree = "<group>"; };
		31F2939722FB204A00D21064 /* Info.plist */ = {isa = PBXFileReference; lastKnownFileType = text.plist.xml; path = Info.plist; sourceTree = "<group>"; };
		31F293A522FB6D5300D21064 /* TabController.swift */ = {isa = PBXFileReference; lastKnownFileType = sourcecode.swift; path = TabController.swift; sourceTree = "<group>"; };
		31F293A722FB6E8900D21064 /* MarkdownViewController.swift */ = {isa = PBXFileReference; lastKnownFileType = sourcecode.swift; path = MarkdownViewController.swift; sourceTree = "<group>"; };
		31F2941E22FDCF5900D21064 /* DocumentViewController.swift */ = {isa = PBXFileReference; lastKnownFileType = sourcecode.swift; path = DocumentViewController.swift; sourceTree = "<group>"; };
		31F2942122FDCFD600D21064 /* Scale.swift */ = {isa = PBXFileReference; lastKnownFileType = sourcecode.swift; path = Scale.swift; sourceTree = "<group>"; };
		34055B7AB7356541F5346ADE /* ScaleRoot.swift */ = {isa = PBXFileReference; fileEncoding = 4; lastKnownFileType = sourcecode.swift; path = ScaleRoot.swift; sourceTree = "<group>"; };
		4991B7A7FF05A54109E5A5E7 /* Pods-Scale EditorUITests.debug.xcconfig */ = {isa = PBXFileReference; includeInIndex = 1; lastKnownFileType = text.xcconfig; name = "Pods-Scale EditorUITests.debug.xcconfig"; path = "Target Support Files/Pods-Scale EditorUITests/Pods-Scale EditorUITests.debug.xcconfig"; sourceTree = "<group>"; };
		50B60FAA284317C11618EAEE /* Pods_Scale_Editor.framework */ = {isa = PBXFileReference; explicitFileType = wrapper.framework; includeInIndex = 0; path = Pods_Scale_Editor.framework; sourceTree = BUILT_PRODUCTS_DIR; };
		5F63C3C827C4F14890C9ED13 /* Pods-Scale Editor.debug.xcconfig */ = {isa = PBXFileReference; includeInIndex = 1; lastKnownFileType = text.xcconfig; name = "Pods-Scale Editor.debug.xcconfig"; path = "Target Support Files/Pods-Scale Editor/Pods-Scale Editor.debug.xcconfig"; sourceTree = "<group>"; };
		71DE697B5EC776FC49B0B1CC /* Pods-Scale EditorTests.debug.xcconfig */ = {isa = PBXFileReference; includeInIndex = 1; lastKnownFileType = text.xcconfig; name = "Pods-Scale EditorTests.debug.xcconfig"; path = "Target Support Files/Pods-Scale EditorTests/Pods-Scale EditorTests.debug.xcconfig"; sourceTree = "<group>"; };
		93BFF18299174551F60B944E /* Pods-Scale Editor.release.xcconfig */ = {isa = PBXFileReference; includeInIndex = 1; lastKnownFileType = text.xcconfig; name = "Pods-Scale Editor.release.xcconfig"; path = "Target Support Files/Pods-Scale Editor/Pods-Scale Editor.release.xcconfig"; sourceTree = "<group>"; };
		C1877D7591B077E85AE02A0A /* Pods_Scale_EditorUITests.framework */ = {isa = PBXFileReference; explicitFileType = wrapper.framework; includeInIndex = 0; path = Pods_Scale_EditorUITests.framework; sourceTree = BUILT_PRODUCTS_DIR; };
		CA9D9A73BA3714411DA4EF12 /* Pods-Scale EditorTests.release.xcconfig */ = {isa = PBXFileReference; includeInIndex = 1; lastKnownFileType = text.xcconfig; name = "Pods-Scale EditorTests.release.xcconfig"; path = "Target Support Files/Pods-Scale EditorTests/Pods-Scale EditorTests.release.xcconfig"; sourceTree = "<group>"; };
		D8E284516D5C8B5664CC8796 /* Pods_Scale_EditorTests.framework */ = {isa = PBXFileReference; explicitFileType = wrapper.framework; includeInIndex = 0; path = Pods_Scale_EditorTests.framework; sourceTree = BUILT_PRODUCTS_DIR; };
		DA5D23CFB1A1DD1F588E538D /* Pods-Scale EditorUITests.release.xcconfig */ = {isa = PBXFileReference; includeInIndex = 1; lastKnownFileType = text.xcconfig; name = "Pods-Scale EditorUITests.release.xcconfig"; path = "Target Support Files/Pods-Scale EditorUITests/Pods-Scale EditorUITests.release.xcconfig"; sourceTree = "<group>"; };
/* End PBXFileReference section */

/* Begin PBXFrameworksBuildPhase section */
		31F2936F22FB204900D21064 /* Frameworks */ = {
			isa = PBXFrameworksBuildPhase;
			buildActionMask = 2147483647;
			files = (
				DD1CD94DA2B80B74BD6E3433 /* Pods_Scale_Editor.framework in Frameworks */,
			);
			runOnlyForDeploymentPostprocessing = 0;
		};
		31F2938322FB204A00D21064 /* Frameworks */ = {
			isa = PBXFrameworksBuildPhase;
			buildActionMask = 2147483647;
			files = (
				372B9E86B86CAFB8A940D72D /* Pods_Scale_EditorTests.framework in Frameworks */,
			);
			runOnlyForDeploymentPostprocessing = 0;
		};
		31F2938E22FB204A00D21064 /* Frameworks */ = {
			isa = PBXFrameworksBuildPhase;
			buildActionMask = 2147483647;
			files = (
				57E777058EB05D0C9AC31A6B /* Pods_Scale_EditorUITests.framework in Frameworks */,
			);
			runOnlyForDeploymentPostprocessing = 0;
		};
/* End PBXFrameworksBuildPhase section */

/* Begin PBXGroup section */
		023EAA7484A0920D76668B7A /* Pods */ = {
			isa = PBXGroup;
			children = (
				5F63C3C827C4F14890C9ED13 /* Pods-Scale Editor.debug.xcconfig */,
				93BFF18299174551F60B944E /* Pods-Scale Editor.release.xcconfig */,
				71DE697B5EC776FC49B0B1CC /* Pods-Scale EditorTests.debug.xcconfig */,
				CA9D9A73BA3714411DA4EF12 /* Pods-Scale EditorTests.release.xcconfig */,
				4991B7A7FF05A54109E5A5E7 /* Pods-Scale EditorUITests.debug.xcconfig */,
				DA5D23CFB1A1DD1F588E538D /* Pods-Scale EditorUITests.release.xcconfig */,
			);
			path = Pods;
			sourceTree = "<group>";
		};
		3157827B230008E0004DE8C7 /* themes */ = {
			isa = PBXGroup;
			children = (
				3157827C230008E0004DE8C7 /* solarized-light.json */,
				3157827D230008E0004DE8C7 /* one-light.json */,
				3157827E230008E0004DE8C7 /* one-light-custom.json */,
				3157827F230008E0004DE8C7 /* base16-tomorrow-dark.json */,
				31578280230008E0004DE8C7 /* base16-tomorrow-light.json */,
				31578281230008E0004DE8C7 /* system-minimal.json */,
				31578282230008E0004DE8C7 /* blues-clues.json */,
				31578283230008E0004DE8C7 /* solarized-dark.json */,
				31578284230008E0004DE8C7 /* one-dark-custom.json */,
				31578285230008E0004DE8C7 /* one-dark.json */,
			);
			path = themes;
			sourceTree = SOURCE_ROOT;
		};
		31F2936922FB204900D21064 = {
			isa = PBXGroup;
			children = (
				31F2937422FB204900D21064 /* Scale Editor */,
				31F2938922FB204A00D21064 /* Scale EditorTests */,
				31F2939422FB204A00D21064 /* Scale EditorUITests */,
				31F2937322FB204900D21064 /* Products */,
				023EAA7484A0920D76668B7A /* Pods */,
				E47FCFDD8EB628BBF4FCC987 /* Frameworks */,
			);
			sourceTree = "<group>";
		};
		31F2937322FB204900D21064 /* Products */ = {
			isa = PBXGroup;
			children = (
				31F2937222FB204900D21064 /* Scale Editor.app */,
				31F2938622FB204A00D21064 /* Scale EditorTests.xctest */,
				31F2939122FB204A00D21064 /* Scale EditorUITests.xctest */,
			);
			name = Products;
			sourceTree = "<group>";
		};
		31F2937422FB204900D21064 /* Scale Editor */ = {
			isa = PBXGroup;
			children = (
				3157827B230008E0004DE8C7 /* themes */,
				31F2942022FDCFA300D21064 /* data structure */,
				31F2937522FB204900D21064 /* AppDelegate.swift */,
				31F2937722FB204900D21064 /* ViewController.swift */,
				31F2937922FB204900D21064 /* Main.storyboard */,
				31F2937C22FB204A00D21064 /* Assets.xcassets */,
				31F2937E22FB204A00D21064 /* LaunchScreen.storyboard */,
				31F2938122FB204A00D21064 /* Info.plist */,
				31F293A522FB6D5300D21064 /* TabController.swift */,
				31F293A722FB6E8900D21064 /* MarkdownViewController.swift */,
				31F2941E22FDCF5900D21064 /* DocumentViewController.swift */,
			);
			path = "Scale Editor";
			sourceTree = "<group>";
		};
		31F2938922FB204A00D21064 /* Scale EditorTests */ = {
			isa = PBXGroup;
			children = (
				31F2938A22FB204A00D21064 /* Scale_EditorTests.swift */,
				31F2938C22FB204A00D21064 /* Info.plist */,
			);
			path = "Scale EditorTests";
			sourceTree = "<group>";
		};
		31F2939422FB204A00D21064 /* Scale EditorUITests */ = {
			isa = PBXGroup;
			children = (
				31F2939522FB204A00D21064 /* Scale_EditorUITests.swift */,
				31F2939722FB204A00D21064 /* Info.plist */,
			);
			path = "Scale EditorUITests";
			sourceTree = "<group>";
		};
		31F2942022FDCFA300D21064 /* data structure */ = {
			isa = PBXGroup;
			children = (
				31F2942122FDCFD600D21064 /* Scale.swift */,
				34055B7AB7356541F5346ADE /* ScaleRoot.swift */,
			);
			path = "data structure";
			sourceTree = "<group>";
		};
		E47FCFDD8EB628BBF4FCC987 /* Frameworks */ = {
			isa = PBXGroup;
			children = (
				50B60FAA284317C11618EAEE /* Pods_Scale_Editor.framework */,
				D8E284516D5C8B5664CC8796 /* Pods_Scale_EditorTests.framework */,
				C1877D7591B077E85AE02A0A /* Pods_Scale_EditorUITests.framework */,
			);
			name = Frameworks;
			sourceTree = "<group>";
		};
/* End PBXGroup section */

/* Begin PBXNativeTarget section */
		31F2937122FB204900D21064 /* Scale Editor */ = {
			isa = PBXNativeTarget;
			buildConfigurationList = 31F2939A22FB204A00D21064 /* Build configuration list for PBXNativeTarget "Scale Editor" */;
			buildPhases = (
				87F8ED8CB7F44B569B22BB4D /* [CP] Check Pods Manifest.lock */,
				31F2936E22FB204900D21064 /* Sources */,
				31F2936F22FB204900D21064 /* Frameworks */,
				31F2937022FB204900D21064 /* Resources */,
				9383510D8B710A40A5925FF1 /* [CP] Embed Pods Frameworks */,
			);
			buildRules = (
			);
			dependencies = (
			);
			name = "Scale Editor";
			productName = "Scale Editor";
			productReference = 31F2937222FB204900D21064 /* Scale Editor.app */;
			productType = "com.apple.product-type.application";
		};
		31F2938522FB204A00D21064 /* Scale EditorTests */ = {
			isa = PBXNativeTarget;
			buildConfigurationList = 31F2939D22FB204A00D21064 /* Build configuration list for PBXNativeTarget "Scale EditorTests" */;
			buildPhases = (
				B1034B3B5FFE18BC9532F5FB /* [CP] Check Pods Manifest.lock */,
				31F2938222FB204A00D21064 /* Sources */,
				31F2938322FB204A00D21064 /* Frameworks */,
				31F2938422FB204A00D21064 /* Resources */,
			);
			buildRules = (
			);
			dependencies = (
				31F2938822FB204A00D21064 /* PBXTargetDependency */,
			);
			name = "Scale EditorTests";
			productName = "Scale EditorTests";
			productReference = 31F2938622FB204A00D21064 /* Scale EditorTests.xctest */;
			productType = "com.apple.product-type.bundle.unit-test";
		};
		31F2939022FB204A00D21064 /* Scale EditorUITests */ = {
			isa = PBXNativeTarget;
			buildConfigurationList = 31F293A022FB204A00D21064 /* Build configuration list for PBXNativeTarget "Scale EditorUITests" */;
			buildPhases = (
				F2CDF775E41273C967179AF8 /* [CP] Check Pods Manifest.lock */,
				31F2938D22FB204A00D21064 /* Sources */,
				31F2938E22FB204A00D21064 /* Frameworks */,
				31F2938F22FB204A00D21064 /* Resources */,
			);
			buildRules = (
			);
			dependencies = (
				31F2939322FB204A00D21064 /* PBXTargetDependency */,
			);
			name = "Scale EditorUITests";
			productName = "Scale EditorUITests";
			productReference = 31F2939122FB204A00D21064 /* Scale EditorUITests.xctest */;
			productType = "com.apple.product-type.bundle.ui-testing";
		};
/* End PBXNativeTarget section */

/* Begin PBXProject section */
		31F2936A22FB204900D21064 /* Project object */ = {
			isa = PBXProject;
			attributes = {
				LastSwiftUpdateCheck = 1030;
				LastUpgradeCheck = 1030;
				ORGANIZATIONNAME = crome110;
				TargetAttributes = {
					31F2937122FB204900D21064 = {
						CreatedOnToolsVersion = 10.3;
					};
					31F2938522FB204A00D21064 = {
						CreatedOnToolsVersion = 10.3;
						TestTargetID = 31F2937122FB204900D21064;
					};
					31F2939022FB204A00D21064 = {
						CreatedOnToolsVersion = 10.3;
						TestTargetID = 31F2937122FB204900D21064;
					};
				};
			};
			buildConfigurationList = 31F2936D22FB204900D21064 /* Build configuration list for PBXProject "Scale Editor" */;
			compatibilityVersion = "Xcode 9.3";
			developmentRegion = en;
			hasScannedForEncodings = 0;
			knownRegions = (
				en,
				Base,
			);
			mainGroup = 31F2936922FB204900D21064;
			productRefGroup = 31F2937322FB204900D21064 /* Products */;
			projectDirPath = "";
			projectRoot = "";
			targets = (
				31F2937122FB204900D21064 /* Scale Editor */,
				31F2938522FB204A00D21064 /* Scale EditorTests */,
				31F2939022FB204A00D21064 /* Scale EditorUITests */,
			);
		};
/* End PBXProject section */

/* Begin PBXResourcesBuildPhase section */
		31F2937022FB204900D21064 /* Resources */ = {
			isa = PBXResourcesBuildPhase;
			buildActionMask = 2147483647;
			files = (
				3157828B230008E0004DE8C7 /* system-minimal.json in Resources */,
				31578289230008E0004DE8C7 /* base16-tomorrow-dark.json in Resources */,
				3157828D230008E0004DE8C7 /* solarized-dark.json in Resources */,
				31F2938022FB204A00D21064 /* LaunchScreen.storyboard in Resources */,
				31F2937D22FB204A00D21064 /* Assets.xcassets in Resources */,
				3157828F230008E0004DE8C7 /* one-dark.json in Resources */,
				3157828C230008E0004DE8C7 /* blues-clues.json in Resources */,
				31578287230008E0004DE8C7 /* one-light.json in Resources */,
				31578286230008E0004DE8C7 /* solarized-light.json in Resources */,
				31578288230008E0004DE8C7 /* one-light-custom.json in Resources */,
				3157828E230008E0004DE8C7 /* one-dark-custom.json in Resources */,
				31F2937B22FB204900D21064 /* Main.storyboard in Resources */,
				3157828A230008E0004DE8C7 /* base16-tomorrow-light.json in Resources */,
			);
			runOnlyForDeploymentPostprocessing = 0;
		};
		31F2938422FB204A00D21064 /* Resources */ = {
			isa = PBXResourcesBuildPhase;
			buildActionMask = 2147483647;
			files = (
			);
			runOnlyForDeploymentPostprocessing = 0;
		};
		31F2938F22FB204A00D21064 /* Resources */ = {
			isa = PBXResourcesBuildPhase;
			buildActionMask = 2147483647;
			files = (
			);
			runOnlyForDeploymentPostprocessing = 0;
		};
/* End PBXResourcesBuildPhase section */

/* Begin PBXShellScriptBuildPhase section */
		87F8ED8CB7F44B569B22BB4D /* [CP] Check Pods Manifest.lock */ = {
			isa = PBXShellScriptBuildPhase;
			buildActionMask = 2147483647;
			files = (
			);
			inputFileListPaths = (
			);
			inputPaths = (
				"${PODS_PODFILE_DIR_PATH}/Podfile.lock",
				"${PODS_ROOT}/Manifest.lock",
			);
			name = "[CP] Check Pods Manifest.lock";
			outputFileListPaths = (
			);
			outputPaths = (
				"$(DERIVED_FILE_DIR)/Pods-Scale Editor-checkManifestLockResult.txt",
			);
			runOnlyForDeploymentPostprocessing = 0;
			shellPath = /bin/sh;
			shellScript = "diff \"${PODS_PODFILE_DIR_PATH}/Podfile.lock\" \"${PODS_ROOT}/Manifest.lock\" > /dev/null\nif [ $? != 0 ] ; then\n    # print error to STDERR\n    echo \"error: The sandbox is not in sync with the Podfile.lock. Run 'pod install' or update your CocoaPods installation.\" >&2\n    exit 1\nfi\n# This output is used by Xcode 'outputs' to avoid re-running this script phase.\necho \"SUCCESS\" > \"${SCRIPT_OUTPUT_FILE_0}\"\n";
			showEnvVarsInLog = 0;
		};
		9383510D8B710A40A5925FF1 /* [CP] Embed Pods Frameworks */ = {
			isa = PBXShellScriptBuildPhase;
			buildActionMask = 2147483647;
			files = (
			);
			inputFileListPaths = (
				"${PODS_ROOT}/Target Support Files/Pods-Scale Editor/Pods-Scale Editor-frameworks-${CONFIGURATION}-input-files.xcfilelist",
			);
			name = "[CP] Embed Pods Frameworks";
			outputFileListPaths = (
				"${PODS_ROOT}/Target Support Files/Pods-Scale Editor/Pods-Scale Editor-frameworks-${CONFIGURATION}-output-files.xcfilelist",
			);
			runOnlyForDeploymentPostprocessing = 0;
			shellPath = /bin/sh;
			shellScript = "\"${PODS_ROOT}/Target Support Files/Pods-Scale Editor/Pods-Scale Editor-frameworks.sh\"\n";
			showEnvVarsInLog = 0;
		};
		B1034B3B5FFE18BC9532F5FB /* [CP] Check Pods Manifest.lock */ = {
			isa = PBXShellScriptBuildPhase;
			buildActionMask = 2147483647;
			files = (
			);
			inputFileListPaths = (
			);
			inputPaths = (
				"${PODS_PODFILE_DIR_PATH}/Podfile.lock",
				"${PODS_ROOT}/Manifest.lock",
			);
			name = "[CP] Check Pods Manifest.lock";
			outputFileListPaths = (
			);
			outputPaths = (
				"$(DERIVED_FILE_DIR)/Pods-Scale EditorTests-checkManifestLockResult.txt",
			);
			runOnlyForDeploymentPostprocessing = 0;
			shellPath = /bin/sh;
			shellScript = "diff \"${PODS_PODFILE_DIR_PATH}/Podfile.lock\" \"${PODS_ROOT}/Manifest.lock\" > /dev/null\nif [ $? != 0 ] ; then\n    # print error to STDERR\n    echo \"error: The sandbox is not in sync with the Podfile.lock. Run 'pod install' or update your CocoaPods installation.\" >&2\n    exit 1\nfi\n# This output is used by Xcode 'outputs' to avoid re-running this script phase.\necho \"SUCCESS\" > \"${SCRIPT_OUTPUT_FILE_0}\"\n";
			showEnvVarsInLog = 0;
		};
		F2CDF775E41273C967179AF8 /* [CP] Check Pods Manifest.lock */ = {
			isa = PBXShellScriptBuildPhase;
			buildActionMask = 2147483647;
			files = (
			);
			inputFileListPaths = (
			);
			inputPaths = (
				"${PODS_PODFILE_DIR_PATH}/Podfile.lock",
				"${PODS_ROOT}/Manifest.lock",
			);
			name = "[CP] Check Pods Manifest.lock";
			outputFileListPaths = (
			);
			outputPaths = (
				"$(DERIVED_FILE_DIR)/Pods-Scale EditorUITests-checkManifestLockResult.txt",
			);
			runOnlyForDeploymentPostprocessing = 0;
			shellPath = /bin/sh;
			shellScript = "diff \"${PODS_PODFILE_DIR_PATH}/Podfile.lock\" \"${PODS_ROOT}/Manifest.lock\" > /dev/null\nif [ $? != 0 ] ; then\n    # print error to STDERR\n    echo \"error: The sandbox is not in sync with the Podfile.lock. Run 'pod install' or update your CocoaPods installation.\" >&2\n    exit 1\nfi\n# This output is used by Xcode 'outputs' to avoid re-running this script phase.\necho \"SUCCESS\" > \"${SCRIPT_OUTPUT_FILE_0}\"\n";
			showEnvVarsInLog = 0;
		};
/* End PBXShellScriptBuildPhase section */

/* Begin PBXSourcesBuildPhase section */
		31F2936E22FB204900D21064 /* Sources */ = {
			isa = PBXSourcesBuildPhase;
			buildActionMask = 2147483647;
			files = (
				31F2941F22FDCF5900D21064 /* DocumentViewController.swift in Sources */,
				31F293A822FB6E8900D21064 /* MarkdownViewController.swift in Sources */,
				31F2937822FB204900D21064 /* ViewController.swift in Sources */,
				31F293A622FB6D5300D21064 /* TabController.swift in Sources */,
				31F2942222FDCFD600D21064 /* Scale.swift in Sources */,
				31F2937622FB204900D21064 /* AppDelegate.swift in Sources */,
				34055FB8F1D2A39A7F22D2C9 /* ScaleRoot.swift in Sources */,
			);
			runOnlyForDeploymentPostprocessing = 0;
		};
		31F2938222FB204A00D21064 /* Sources */ = {
			isa = PBXSourcesBuildPhase;
			buildActionMask = 2147483647;
			files = (
				31F2938B22FB204A00D21064 /* Scale_EditorTests.swift in Sources */,
			);
			runOnlyForDeploymentPostprocessing = 0;
		};
		31F2938D22FB204A00D21064 /* Sources */ = {
			isa = PBXSourcesBuildPhase;
			buildActionMask = 2147483647;
			files = (
				31F2939622FB204A00D21064 /* Scale_EditorUITests.swift in Sources */,
			);
			runOnlyForDeploymentPostprocessing = 0;
		};
/* End PBXSourcesBuildPhase section */

/* Begin PBXTargetDependency section */
		31F2938822FB204A00D21064 /* PBXTargetDependency */ = {
			isa = PBXTargetDependency;
			target = 31F2937122FB204900D21064 /* Scale Editor */;
			targetProxy = 31F2938722FB204A00D21064 /* PBXContainerItemProxy */;
		};
		31F2939322FB204A00D21064 /* PBXTargetDependency */ = {
			isa = PBXTargetDependency;
			target = 31F2937122FB204900D21064 /* Scale Editor */;
			targetProxy = 31F2939222FB204A00D21064 /* PBXContainerItemProxy */;
		};
/* End PBXTargetDependency section */

/* Begin PBXVariantGroup section */
		31F2937922FB204900D21064 /* Main.storyboard */ = {
			isa = PBXVariantGroup;
			children = (
				31F2937A22FB204900D21064 /* Base */,
			);
			name = Main.storyboard;
			sourceTree = "<group>";
		};
		31F2937E22FB204A00D21064 /* LaunchScreen.storyboard */ = {
			isa = PBXVariantGroup;
			children = (
				31F2937F22FB204A00D21064 /* Base */,
			);
			name = LaunchScreen.storyboard;
			sourceTree = "<group>";
		};
/* End PBXVariantGroup section */

/* Begin XCBuildConfiguration section */
		31F2939822FB204A00D21064 /* Debug */ = {
			isa = XCBuildConfiguration;
			buildSettings = {
				ALWAYS_SEARCH_USER_PATHS = NO;
				CLANG_ANALYZER_NONNULL = YES;
				CLANG_ANALYZER_NUMBER_OBJECT_CONVERSION = YES_AGGRESSIVE;
				CLANG_CXX_LANGUAGE_STANDARD = "gnu++14";
				CLANG_CXX_LIBRARY = "libc++";
				CLANG_ENABLE_MODULES = YES;
				CLANG_ENABLE_OBJC_ARC = YES;
				CLANG_ENABLE_OBJC_WEAK = YES;
				CLANG_WARN_BLOCK_CAPTURE_AUTORELEASING = YES;
				CLANG_WARN_BOOL_CONVERSION = YES;
				CLANG_WARN_COMMA = YES;
				CLANG_WARN_CONSTANT_CONVERSION = YES;
				CLANG_WARN_DEPRECATED_OBJC_IMPLEMENTATIONS = YES;
				CLANG_WARN_DIRECT_OBJC_ISA_USAGE = YES_ERROR;
				CLANG_WARN_DOCUMENTATION_COMMENTS = YES;
				CLANG_WARN_EMPTY_BODY = YES;
				CLANG_WARN_ENUM_CONVERSION = YES;
				CLANG_WARN_INFINITE_RECURSION = YES;
				CLANG_WARN_INT_CONVERSION = YES;
				CLANG_WARN_NON_LITERAL_NULL_CONVERSION = YES;
				CLANG_WARN_OBJC_IMPLICIT_RETAIN_SELF = YES;
				CLANG_WARN_OBJC_LITERAL_CONVERSION = YES;
				CLANG_WARN_OBJC_ROOT_CLASS = YES_ERROR;
				CLANG_WARN_RANGE_LOOP_ANALYSIS = YES;
				CLANG_WARN_STRICT_PROTOTYPES = YES;
				CLANG_WARN_SUSPICIOUS_MOVE = YES;
				CLANG_WARN_UNGUARDED_AVAILABILITY = YES_AGGRESSIVE;
				CLANG_WARN_UNREACHABLE_CODE = YES;
				CLANG_WARN__DUPLICATE_METHOD_MATCH = YES;
				CODE_SIGN_IDENTITY = "iPhone Developer";
				COPY_PHASE_STRIP = NO;
				DEBUG_INFORMATION_FORMAT = dwarf;
				ENABLE_STRICT_OBJC_MSGSEND = YES;
				ENABLE_TESTABILITY = YES;
				GCC_C_LANGUAGE_STANDARD = gnu11;
				GCC_DYNAMIC_NO_PIC = NO;
				GCC_NO_COMMON_BLOCKS = YES;
				GCC_OPTIMIZATION_LEVEL = 0;
				GCC_PREPROCESSOR_DEFINITIONS = (
					"DEBUG=1",
					"$(inherited)",
				);
				GCC_WARN_64_TO_32_BIT_CONVERSION = YES;
				GCC_WARN_ABOUT_RETURN_TYPE = YES_ERROR;
				GCC_WARN_UNDECLARED_SELECTOR = YES;
				GCC_WARN_UNINITIALIZED_AUTOS = YES_AGGRESSIVE;
				GCC_WARN_UNUSED_FUNCTION = YES;
				GCC_WARN_UNUSED_VARIABLE = YES;
				IPHONEOS_DEPLOYMENT_TARGET = 12.4;
				MTL_ENABLE_DEBUG_INFO = INCLUDE_SOURCE;
				MTL_FAST_MATH = YES;
				ONLY_ACTIVE_ARCH = YES;
				SDKROOT = iphoneos;
				SWIFT_ACTIVE_COMPILATION_CONDITIONS = DEBUG;
				SWIFT_OPTIMIZATION_LEVEL = "-Onone";
			};
			name = Debug;
		};
		31F2939922FB204A00D21064 /* Release */ = {
			isa = XCBuildConfiguration;
			buildSettings = {
				ALWAYS_SEARCH_USER_PATHS = NO;
				CLANG_ANALYZER_NONNULL = YES;
				CLANG_ANALYZER_NUMBER_OBJECT_CONVERSION = YES_AGGRESSIVE;
				CLANG_CXX_LANGUAGE_STANDARD = "gnu++14";
				CLANG_CXX_LIBRARY = "libc++";
				CLANG_ENABLE_MODULES = YES;
				CLANG_ENABLE_OBJC_ARC = YES;
				CLANG_ENABLE_OBJC_WEAK = YES;
				CLANG_WARN_BLOCK_CAPTURE_AUTORELEASING = YES;
				CLANG_WARN_BOOL_CONVERSION = YES;
				CLANG_WARN_COMMA = YES;
				CLANG_WARN_CONSTANT_CONVERSION = YES;
				CLANG_WARN_DEPRECATED_OBJC_IMPLEMENTATIONS = YES;
				CLANG_WARN_DIRECT_OBJC_ISA_USAGE = YES_ERROR;
				CLANG_WARN_DOCUMENTATION_COMMENTS = YES;
				CLANG_WARN_EMPTY_BODY = YES;
				CLANG_WARN_ENUM_CONVERSION = YES;
				CLANG_WARN_INFINITE_RECURSION = YES;
				CLANG_WARN_INT_CONVERSION = YES;
				CLANG_WARN_NON_LITERAL_NULL_CONVERSION = YES;
				CLANG_WARN_OBJC_IMPLICIT_RETAIN_SELF = YES;
				CLANG_WARN_OBJC_LITERAL_CONVERSION = YES;
				CLANG_WARN_OBJC_ROOT_CLASS = YES_ERROR;
				CLANG_WARN_RANGE_LOOP_ANALYSIS = YES;
				CLANG_WARN_STRICT_PROTOTYPES = YES;
				CLANG_WARN_SUSPICIOUS_MOVE = YES;
				CLANG_WARN_UNGUARDED_AVAILABILITY = YES_AGGRESSIVE;
				CLANG_WARN_UNREACHABLE_CODE = YES;
				CLANG_WARN__DUPLICATE_METHOD_MATCH = YES;
				CODE_SIGN_IDENTITY = "iPhone Developer";
				COPY_PHASE_STRIP = NO;
				DEBUG_INFORMATION_FORMAT = "dwarf-with-dsym";
				ENABLE_NS_ASSERTIONS = NO;
				ENABLE_STRICT_OBJC_MSGSEND = YES;
				GCC_C_LANGUAGE_STANDARD = gnu11;
				GCC_NO_COMMON_BLOCKS = YES;
				GCC_WARN_64_TO_32_BIT_CONVERSION = YES;
				GCC_WARN_ABOUT_RETURN_TYPE = YES_ERROR;
				GCC_WARN_UNDECLARED_SELECTOR = YES;
				GCC_WARN_UNINITIALIZED_AUTOS = YES_AGGRESSIVE;
				GCC_WARN_UNUSED_FUNCTION = YES;
				GCC_WARN_UNUSED_VARIABLE = YES;
				IPHONEOS_DEPLOYMENT_TARGET = 12.4;
				MTL_ENABLE_DEBUG_INFO = NO;
				MTL_FAST_MATH = YES;
				SDKROOT = iphoneos;
				SWIFT_COMPILATION_MODE = wholemodule;
				SWIFT_OPTIMIZATION_LEVEL = "-O";
				VALIDATE_PRODUCT = YES;
			};
			name = Release;
		};
		31F2939B22FB204A00D21064 /* Debug */ = {
			isa = XCBuildConfiguration;
			baseConfigurationReference = 5F63C3C827C4F14890C9ED13 /* Pods-Scale Editor.debug.xcconfig */;
			buildSettings = {
				ASSETCATALOG_COMPILER_APPICON_NAME = AppIcon;
				CODE_SIGN_STYLE = Automatic;
				DEVELOPMENT_TEAM = ZTP95FWZ5X;
				INFOPLIST_FILE = "Scale Editor/Info.plist";
				IPHONEOS_DEPLOYMENT_TARGET = 12.3;
				LD_RUNPATH_SEARCH_PATHS = (
					"$(inherited)",
					"@executable_path/Frameworks",
				);
				PRODUCT_BUNDLE_IDENTIFIER = "crome110.Scale-Editor";
				PRODUCT_NAME = "$(TARGET_NAME)";
				SWIFT_VERSION = 5.0;
				TARGETED_DEVICE_FAMILY = "1,2";
			};
			name = Debug;
		};
		31F2939C22FB204A00D21064 /* Release */ = {
			isa = XCBuildConfiguration;
			baseConfigurationReference = 93BFF18299174551F60B944E /* Pods-Scale Editor.release.xcconfig */;
			buildSettings = {
				ASSETCATALOG_COMPILER_APPICON_NAME = AppIcon;
				CODE_SIGN_STYLE = Automatic;
				DEVELOPMENT_TEAM = ZTP95FWZ5X;
				INFOPLIST_FILE = "Scale Editor/Info.plist";
				IPHONEOS_DEPLOYMENT_TARGET = 12.3;
				LD_RUNPATH_SEARCH_PATHS = (
					"$(inherited)",
					"@executable_path/Frameworks",
				);
				PRODUCT_BUNDLE_IDENTIFIER = "crome110.Scale-Editor";
				PRODUCT_NAME = "$(TARGET_NAME)";
				SWIFT_VERSION = 5.0;
				TARGETED_DEVICE_FAMILY = "1,2";
			};
			name = Release;
		};
		31F2939E22FB204A00D21064 /* Debug */ = {
			isa = XCBuildConfiguration;
			baseConfigurationReference = 71DE697B5EC776FC49B0B1CC /* Pods-Scale EditorTests.debug.xcconfig */;
			buildSettings = {
				ALWAYS_EMBED_SWIFT_STANDARD_LIBRARIES = YES;
				BUNDLE_LOADER = "$(TEST_HOST)";
				CODE_SIGN_STYLE = Automatic;
				DEVELOPMENT_TEAM = ZTP95FWZ5X;
				INFOPLIST_FILE = "Scale EditorTests/Info.plist";
				LD_RUNPATH_SEARCH_PATHS = (
					"$(inherited)",
					"@executable_path/Frameworks",
					"@loader_path/Frameworks",
				);
				PRODUCT_BUNDLE_IDENTIFIER = "crome110.Scale-EditorTests";
				PRODUCT_NAME = "$(TARGET_NAME)";
				SWIFT_VERSION = 5.0;
				TARGETED_DEVICE_FAMILY = "1,2";
				TEST_HOST = "$(BUILT_PRODUCTS_DIR)/Scale Editor.app/Scale Editor";
			};
			name = Debug;
		};
		31F2939F22FB204A00D21064 /* Release */ = {
			isa = XCBuildConfiguration;
			baseConfigurationReference = CA9D9A73BA3714411DA4EF12 /* Pods-Scale EditorTests.release.xcconfig */;
			buildSettings = {
				ALWAYS_EMBED_SWIFT_STANDARD_LIBRARIES = YES;
				BUNDLE_LOADER = "$(TEST_HOST)";
				CODE_SIGN_STYLE = Automatic;
				DEVELOPMENT_TEAM = ZTP95FWZ5X;
				INFOPLIST_FILE = "Scale EditorTests/Info.plist";
				LD_RUNPATH_SEARCH_PATHS = (
					"$(inherited)",
					"@executable_path/Frameworks",
					"@loader_path/Frameworks",
				);
				PRODUCT_BUNDLE_IDENTIFIER = "crome110.Scale-EditorTests";
				PRODUCT_NAME = "$(TARGET_NAME)";
				SWIFT_VERSION = 5.0;
				TARGETED_DEVICE_FAMILY = "1,2";
				TEST_HOST = "$(BUILT_PRODUCTS_DIR)/Scale Editor.app/Scale Editor";
			};
			name = Release;
		};
		31F293A122FB204A00D21064 /* Debug */ = {
			isa = XCBuildConfiguration;
			baseConfigurationReference = 4991B7A7FF05A54109E5A5E7 /* Pods-Scale EditorUITests.debug.xcconfig */;
			buildSettings = {
				ALWAYS_EMBED_SWIFT_STANDARD_LIBRARIES = YES;
				CODE_SIGN_STYLE = Automatic;
				DEVELOPMENT_TEAM = ZTP95FWZ5X;
				INFOPLIST_FILE = "Scale EditorUITests/Info.plist";
				LD_RUNPATH_SEARCH_PATHS = (
					"$(inherited)",
					"@executable_path/Frameworks",
					"@loader_path/Frameworks",
				);
				PRODUCT_BUNDLE_IDENTIFIER = "crome110.Scale-EditorUITests";
				PRODUCT_NAME = "$(TARGET_NAME)";
				SWIFT_VERSION = 5.0;
				TARGETED_DEVICE_FAMILY = "1,2";
				TEST_TARGET_NAME = "Scale Editor";
			};
			name = Debug;
		};
		31F293A222FB204A00D21064 /* Release */ = {
			isa = XCBuildConfiguration;
			baseConfigurationReference = DA5D23CFB1A1DD1F588E538D /* Pods-Scale EditorUITests.release.xcconfig */;
			buildSettings = {
				ALWAYS_EMBED_SWIFT_STANDARD_LIBRARIES = YES;
				CODE_SIGN_STYLE = Automatic;
				DEVELOPMENT_TEAM = ZTP95FWZ5X;
				INFOPLIST_FILE = "Scale EditorUITests/Info.plist";
				LD_RUNPATH_SEARCH_PATHS = (
					"$(inherited)",
					"@executable_path/Frameworks",
					"@loader_path/Frameworks",
				);
				PRODUCT_BUNDLE_IDENTIFIER = "crome110.Scale-EditorUITests";
				PRODUCT_NAME = "$(TARGET_NAME)";
				SWIFT_VERSION = 5.0;
				TARGETED_DEVICE_FAMILY = "1,2";
				TEST_TARGET_NAME = "Scale Editor";
			};
			name = Release;
		};
/* End XCBuildConfiguration section */

/* Begin XCConfigurationList section */
		31F2936D22FB204900D21064 /* Build configuration list for PBXProject "Scale Editor" */ = {
			isa = XCConfigurationList;
			buildConfigurations = (
				31F2939822FB204A00D21064 /* Debug */,
				31F2939922FB204A00D21064 /* Release */,
			);
			defaultConfigurationIsVisible = 0;
			defaultConfigurationName = Release;
		};
		31F2939A22FB204A00D21064 /* Build configuration list for PBXNativeTarget "Scale Editor" */ = {
			isa = XCConfigurationList;
			buildConfigurations = (
				31F2939B22FB204A00D21064 /* Debug */,
				31F2939C22FB204A00D21064 /* Release */,
			);
			defaultConfigurationIsVisible = 0;
			defaultConfigurationName = Release;
		};
		31F2939D22FB204A00D21064 /* Build configuration list for PBXNativeTarget "Scale EditorTests" */ = {
			isa = XCConfigurationList;
			buildConfigurations = (
				31F2939E22FB204A00D21064 /* Debug */,
				31F2939F22FB204A00D21064 /* Release */,
			);
			defaultConfigurationIsVisible = 0;
			defaultConfigurationName = Release;
		};
		31F293A022FB204A00D21064 /* Build configuration list for PBXNativeTarget "Scale EditorUITests" */ = {
			isa = XCConfigurationList;
			buildConfigurations = (
				31F293A122FB204A00D21064 /* Debug */,
				31F293A222FB204A00D21064 /* Release */,
			);
			defaultConfigurationIsVisible = 0;
			defaultConfigurationName = Release;
		};
/* End XCConfigurationList section */
	};
	rootObject = 31F2936A22FB204900D21064 /* Project object */;
}
